
Microsoft Visual Studio Solution File, Format Version 12.00
# Visual Studio 2013
VisualStudioVersion = 12.0.40629.0
MinimumVisualStudioVersion = 10.0.40219.1
Project("{8BC9CEB8-8B4A-11D0-8D11-00A0C91BC942}") = "BasicUsageEnvironment", "BasicUsageEnvironment\BasicUsageEnvironment.vcxproj", "{3DEBB3E1-F25F-4EC8-8798-4568DE67E20C}"
EndProject
Project("{8BC9CEB8-8B4A-11D0-8D11-00A0C91BC942}") = "UsageEnvironment", "UsageEnvironment\UsageEnvironment.vcxproj", "{D4403CF2-1F2F-4120-9B98-021CA2197AA9}"
EndProject
Project("{8BC9CEB8-8B4A-11D0-8D11-00A0C91BC942}") = "groupsock", "groupsock\groupsock.vcxproj", "{DA758269-B22A-4DD8-9FE2-65AFB06DDDD8}"
EndProject
Project("{8BC9CEB8-8B4A-11D0-8D11-00A0C91BC942}") = "mediaServer", "mediaServer\mediaServer.vcxproj", "{4259EDC5-EC12-4C91-8D32-EC5AA25B7C3E}"
EndProject
Project("{8BC9CEB8-8B4A-11D0-8D11-00A0C91BC942}") = "liveMedia", "liveMedia\liveMedia.vcxproj", "{08BC9245-0CE6-46F6-A677-FF0724C56217}"
EndProject
Project("{8BC9CEB8-8B4A-11D0-8D11-00A0C91BC942}") = "librtspclient", "librtspclient\librtspclient.vcxproj", "{D18465C5-3E8C-4A3B-BC1E-C18347DF3D7A}"
	ProjectSection(ProjectDependencies) = postProject
		{08BC9245-0CE6-46F6-A677-FF0724C56217} = {08BC9245-0CE6-46F6-A677-FF0724C56217}
		{DA758269-B22A-4DD8-9FE2-65AFB06DDDD8} = {DA758269-B22A-4DD8-9FE2-65AFB06DDDD8}
		{4259EDC5-EC12-4C91-8D32-EC5AA25B7C3E} = {4259EDC5-EC12-4C91-8D32-EC5AA25B7C3E}
		{3DEBB3E1-F25F-4EC8-8798-4568DE67E20C} = {3DEBB3E1-F25F-4EC8-8798-4568DE67E20C}
		{D4403CF2-1F2F-4120-9B98-021CA2197AA9} = {D4403CF2-1F2F-4120-9B98-021CA2197AA9}
	EndProjectSection
EndProject
Global
	GlobalSection(SolutionConfigurationPlatforms) = preSolution
		Debug|Win32 = Debug|Win32
		Release|Win32 = Release|Win32
	EndGlobalSection
	GlobalSection(ProjectConfigurationPlatforms) = postSolution
		{3DEBB3E1-F25F-4EC8-8798-4568DE67E20C}.Debug|Win32.ActiveCfg = Release|Win32
		{3DEBB3E1-F25F-4EC8-8798-4568DE67E20C}.Debug|Win32.Build.0 = Release|Win32
		{3DEBB3E1-F25F-4EC8-8798-4568DE67E20C}.Release|Win32.ActiveCfg = Release|Win32
		{3DEBB3E1-F25F-4EC8-8798-4568DE67E20C}.Release|Win32.Build.0 = Release|Win32
		{D4403CF2-1F2F-4120-9B98-021CA2197AA9}.Debug|Win32.ActiveCfg = Release|Win32
		{D4403CF2-1F2F-4120-9B98-021CA2197AA9}.Debug|Win32.Build.0 = Release|Win32
		{D4403CF2-1F2F-4120-9B98-021CA2197AA9}.Release|Win32.ActiveCfg = Release|Win32
		{D4403CF2-1F2F-4120-9B98-021CA2197AA9}.Release|Win32.Build.0 = Release|Win32
		{DA758269-B22A-4DD8-9FE2-65AFB06DDDD8}.Debug|Win32.ActiveCfg = Release|Win32
		{DA758269-B22A-4DD8-9FE2-65AFB06DDDD8}.Debug|Win32.Build.0 = Release|Win32
		{DA758269-B22A-4DD8-9FE2-65AFB06DDDD8}.Release|Win32.ActiveCfg = Release|Win32
		{DA758269-B22A-4DD8-9FE2-65AFB06DDDD8}.Release|Win32.Build.0 = Release|Win32
		{4259EDC5-EC12-4C91-8D32-EC5AA25B7C3E}.Debug|Win32.ActiveCfg = Release|Win32
		{4259EDC5-EC12-4C91-8D32-EC5AA25B7C3E}.Debug|Win32.Build.0 = Release|Win32
		{4259EDC5-EC12-4C91-8D32-EC5AA25B7C3E}.Release|Win32.ActiveCfg = Release|Win32
		{4259EDC5-EC12-4C91-8D32-EC5AA25B7C3E}.Release|Win32.Build.0 = Release|Win32
		{08BC9245-0CE6-46F6-A677-FF0724C56217}.Debug|Win32.ActiveCfg = Release|Win32
		{08BC9245-0CE6-46F6-A677-FF0724C56217}.Debug|Win32.Build.0 = Release|Win32
		{08BC9245-0CE6-46F6-A677-FF0724C56217}.Release|Win32.ActiveCfg = Release|Win32
		{08BC9245-0CE6-46F6-A677-FF0724C56217}.Release|Win32.Build.0 = Release|Win32
		{D18465C5-3E8C-4A3B-BC1E-C18347DF3D7A}.Debug|Win32.ActiveCfg = Release|Win32
		{D18465C5-3E8C-4A3B-BC1E-C18347DF3D7A}.Debug|Win32.Build.0 = Release|Win32
		{D18465C5-3E8C-4A3B-BC1E-C18347DF3D7A}.Release|Win32.ActiveCfg = Release|Win32
		{D18465C5-3E8C-4A3B-BC1E-C18347DF3D7A}.Release|Win32.Build.0 = Release|Win32
	EndGlobalSection
	GlobalSection(SolutionProperties) = preSolution
		HideSolutionNode = FALSE
	EndGlobalSection
EndGlobal
