<?xml version="1.0" encoding="utf-8"?>
<Project ToolsVersion="4.0" xmlns="http://schemas.microsoft.com/developer/msbuild/2003">
  <ItemGroup>
    <Filter Include="源文件">
      <UniqueIdentifier>{4FC737F1-C7A5-4376-A066-2A32D752A2FF}</UniqueIdentifier>
      <Extensions>cpp;c;cc;cxx;def;odl;idl;hpj;bat;asm;asmx</Extensions>
    </Filter>
    <Filter Include="头文件">
      <UniqueIdentifier>{93995380-89BD-4b04-88EB-625FBE52EBFB}</UniqueIdentifier>
      <Extensions>h;hh;hpp;hxx;hm;inl;inc;xsd</Extensions>
    </Filter>
    <Filter Include="资源文件">
      <UniqueIdentifier>{67DA6AB6-F800-4c08-8B7A-83BB121AAD01}</UniqueIdentifier>
      <Extensions>rc;ico;cur;bmp;dlg;rc2;rct;bin;rgs;gif;jpg;jpeg;jpe;resx;tiff;tif;png;wav;mfcribbon-ms</Extensions>
    </Filter>
  </ItemGroup>
  <ItemGroup>
    <Text Include="ReadMe.txt" />
  </ItemGroup>
  <ItemGroup>
    <ClInclude Include="stdafx.h">
      <Filter>头文件</Filter>
    </ClInclude>
    <ClInclude Include="targetver.h">
      <Filter>头文件</Filter>
    </ClInclude>
    <ClInclude Include="as_def.h">
      <Filter>头文件</Filter>
    </ClInclude>
    <ClInclude Include="as_rtsp_guard.h">
      <Filter>头文件</Filter>
    </ClInclude>
    <ClInclude Include="..\common\as_common.h">
      <Filter>头文件</Filter>
    </ClInclude>
    <ClInclude Include="..\common\as_config.h">
      <Filter>头文件</Filter>
    </ClInclude>
    <ClInclude Include="..\common\as_ini_config.h">
      <Filter>头文件</Filter>
    </ClInclude>
    <ClInclude Include="..\common\as_lock_guard.h">
      <Filter>头文件</Filter>
    </ClInclude>
    <ClInclude Include="..\common\as_log.h">
      <Filter>头文件</Filter>
    </ClInclude>
    <ClInclude Include="..\common\as_mutex.h">
      <Filter>头文件</Filter>
    </ClInclude>
    <ClInclude Include="..\common\as_ring_cache.h">
      <Filter>头文件</Filter>
    </ClInclude>
    <ClInclude Include="..\common\as_thread.h">
      <Filter>头文件</Filter>
    </ClInclude>
    <ClInclude Include="..\common\as_timer.h">
      <Filter>头文件</Filter>
    </ClInclude>
    <ClInclude Include="..\common\as_tinyxml2.h">
      <Filter>头文件</Filter>
    </ClInclude>
    <ClInclude Include="..\common\as.h">
      <Filter>头文件</Filter>
    </ClInclude>
    <ClInclude Include="..\common\as_basetype.h">
      <Filter>头文件</Filter>
    </ClInclude>
    <ClInclude Include="..\common\as_event.h">
      <Filter>头文件</Filter>
    </ClInclude>
    <ClInclude Include="..\common\as_mem.h">
      <Filter>头文件</Filter>
    </ClInclude>
    <ClInclude Include="..\common\as_time.h">
      <Filter>头文件</Filter>
    </ClInclude>
    <ClInclude Include="..\common\as_json.h">
      <Filter>头文件</Filter>
    </ClInclude>
  </ItemGroup>
  <ItemGroup>
    <ClCompile Include="stdafx.cpp">
      <Filter>源文件</Filter>
    </ClCompile>
    <ClCompile Include="as_rtsp_guard.cpp">
      <Filter>源文件</Filter>
    </ClCompile>
    <ClCompile Include="main.cpp">
      <Filter>源文件</Filter>
    </ClCompile>
    <ClCompile Include="..\common\as_ini_config.cpp">
      <Filter>源文件</Filter>
    </ClCompile>
    <ClCompile Include="..\common\as_lock_guard.cpp">
      <Filter>源文件</Filter>
    </ClCompile>
    <ClCompile Include="..\common\as_log.cpp">
      <Filter>源文件</Filter>
    </ClCompile>
    <ClCompile Include="..\common\as_mutex.c">
      <Filter>源文件</Filter>
    </ClCompile>
    <ClCompile Include="..\common\as_ring_cache.cpp">
      <Filter>源文件</Filter>
    </ClCompile>
    <ClCompile Include="..\common\as_thread.c">
      <Filter>源文件</Filter>
    </ClCompile>
    <ClCompile Include="..\common\as_timer.cpp">
      <Filter>源文件</Filter>
    </ClCompile>
    <ClCompile Include="..\common\as_tinyxml2.cpp">
      <Filter>源文件</Filter>
    </ClCompile>
    <ClCompile Include="..\common\as_event.c">
      <Filter>源文件</Filter>
    </ClCompile>
    <ClCompile Include="..\common\as_time.c">
      <Filter>源文件</Filter>
    </ClCompile>
    <ClCompile Include="..\common\as_json.c">
      <Filter>源文件</Filter>
    </ClCompile>
  </ItemGroup>
  <ItemGroup>
    <None Include="..\common\Makefile.head" />
    <None Include="..\common\Makefile.tail" />
  </ItemGroup>
</Project>